lockfileVersion: '9.0'

settings:
  autoInstallPeers: true
  excludeLinksFromLockfile: false

importers:

  .:
    dependencies:
      chalk:
        specifier: ^5.6.2
        version: 5.6.2
      ioredis:
        specifier: ^5.9.0
        version: 5.9.0
      ky:
        specifier: ^1.14.2
        version: 1.14.2
    devDependencies:
      '@ianvs/prettier-plugin-sort-imports':
        specifier: ^4.7.0
        version: 4.7.0(prettier@3.7.4)
      '@types/node':
        specifier: ^25.0.3
        version: 25.0.3
      prettier:
        specifier: ^3.7.4
        version: 3.7.4

packages:

  '@babel/code-frame@7.27.1':
    resolution: {integrity: sha512-cjQ7ZlQ0Mv3b47hABuTevyTuYN4i+loJKGeV9flcCgIK37cCXRh+L1bd3iBHlynerhQ7BhCkn2BPbQUL+rGqFg==}
    engines: {node: '>=6.9.0'}

  '@babel/generator@7.28.3':
    resolution: {integrity: sha512-3lSpxGgvnmZznmBkCRnVREPUFJv2wrv9iAoFDvADJc0ypmdOxdUtcLeBgBJ6zE0PMeTKnxeQzyk0xTBq4Ep7zw==}
    engines: {node: '>=6.9.0'}

  '@babel/helper-globals@7.28.0':
    resolution: {integrity: sha512-+W6cISkXFa1jXsDEdYA8HeevQT/FULhxzR99pxphltZcVaugps53THCeiWA8SguxxpSp3gKPiuYfSWopkLQ4hw==}
    engines: {node: '>=6.9.0'}

  '@babel/helper-string-parser@7.27.1':
    resolution: {integrity: sha512-qMlSxKbpRlAridDExk92nSobyDdpPijUq2DW6oDnUqd0iOGxmQjyqhMIihI9+zv4LPyZdRje2cavWPbCbWm3eA==}
    engines: {node: '>=6.9.0'}

  '@babel/helper-validator-identifier@7.27.1':
    resolution: {integrity: sha512-D2hP9eA+Sqx1kBZgzxZh0y1trbuU+JoDkiEwqhQ36nodYqJwyEIhPSdMNd7lOm/4io72luTPWH20Yda0xOuUow==}
    engines: {node: '>=6.9.0'}

  '@babel/parser@7.28.3':
    resolution: {integrity: sha512-7+Ey1mAgYqFAx2h0RuoxcQT5+MlG3GTV0TQrgr7/ZliKsm/MNDxVVutlWaziMq7wJNAz8MTqz55XLpWvva6StA==}
    engines: {node: '>=6.0.0'}
    hasBin: true

  '@babel/template@7.27.2':
    resolution: {integrity: sha512-LPDZ85aEJyYSd18/DkjNh4/y1ntkE5KwUHWTiqgRxruuZL2F1yuHligVHLvcHY2vMHXttKFpJn6LwfI7cw7ODw==}
    engines: {node: '>=6.9.0'}

  '@babel/traverse@7.28.3':
    resolution: {integrity: sha512-7w4kZYHneL3A6NP2nxzHvT3HCZ7puDZZjFMqDpBPECub79sTtSO5CGXDkKrTQq8ksAwfD/XI2MRFX23njdDaIQ==}
    engines: {node: '>=6.9.0'}

  '@babel/types@7.28.2':
    resolution: {integrity: sha512-ruv7Ae4J5dUYULmeXw1gmb7rYRz57OWCPM57pHojnLq/3Z1CK2lNSLTCVjxVk1F/TZHwOZZrOWi0ur95BbLxNQ==}
    engines: {node: '>=6.9.0'}

  '@ianvs/prettier-plugin-sort-imports@4.7.0':
    resolution: {integrity: sha512-soa2bPUJAFruLL4z/CnMfSEKGznm5ebz29fIa9PxYtu8HHyLKNE1NXAs6dylfw1jn/ilEIfO2oLLN6uAafb7DA==}
    peerDependencies:
      '@prettier/plugin-oxc': ^0.0.4
      '@vue/compiler-sfc': 2.7.x || 3.x
      content-tag: ^4.0.0
      prettier: 2 || 3 || ^4.0.0-0
      prettier-plugin-ember-template-tag: ^2.1.0
    peerDependenciesMeta:
      '@prettier/plugin-oxc':
        optional: true
      '@vue/compiler-sfc':
        optional: true
      content-tag:
        optional: true
      prettier-plugin-ember-template-tag:
        optional: true

  '@ioredis/commands@1.5.0':
    resolution: {integrity: sha512-eUgLqrMf8nJkZxT24JvVRrQya1vZkQh8BBeYNwGDqa5I0VUi8ACx7uFvAaLxintokpTenkK6DASvo/bvNbBGow==}

  '@jridgewell/gen-mapping@0.3.13':
    resolution: {integrity: sha512-2kkt/7niJ6MgEPxF0bYdQ6etZaA+fQvDcLKckhy1yIQOzaoKjBBjSj63/aLVjYE3qhRt5dvM+uUyfCg6UKCBbA==}

  '@jridgewell/resolve-uri@3.1.2':
    resolution: {integrity: sha512-bRISgCIjP20/tbWSPWMEi54QVPRZExkuD9lJL+UIxUKtwVJA8wW1Trb1jMs1RFXo1CBTNZ/5hpC9QvmKWdopKw==}
    engines: {node: '>=6.0.0'}

  '@jridgewell/sourcemap-codec@1.5.5':
    resolution: {integrity: sha512-cYQ9310grqxueWbl+WuIUIaiUaDcj7WOq5fVhEljNVgRfOUhY9fy2zTvfoqWsnebh8Sl70VScFbICvJnLKB0Og==}

  '@jridgewell/trace-mapping@0.3.30':
    resolution: {integrity: sha512-GQ7Nw5G2lTu/BtHTKfXhKHok2WGetd4XYcVKGx00SjAk8GMwgJM3zr6zORiPGuOE+/vkc90KtTosSSvaCjKb2Q==}

  '@types/node@25.0.3':
    resolution: {integrity: sha512-W609buLVRVmeW693xKfzHeIV6nJGGz98uCPfeXI1ELMLXVeKYZ9m15fAMSaUPBHYLGFsVRcMmSCksQOrZV9BYA==}

  chalk@5.6.2:
    resolution: {integrity: sha512-7NzBL0rN6fMUW+f7A6Io4h40qQlG+xGmtMxfbnH/K7TAtt8JQWVQK+6g0UXKMeVJoyV5EkkNsErQ8pVD3bLHbA==}
    engines: {node: ^12.17.0 || ^14.13 || >=16.0.0}

  cluster-key-slot@1.1.2:
    resolution: {integrity: sha512-RMr0FhtfXemyinomL4hrWcYJxmX6deFdCxpJzhDttxgO1+bcCnkk+9drydLVDmAMG7NE6aN/fl4F7ucU/90gAA==}
    engines: {node: '>=0.10.0'}

  debug@4.4.1:
    resolution: {integrity: sha512-KcKCqiftBJcZr++7ykoDIEwSa3XWowTfNPo92BYxjXiyYEVrUQh2aLyhxBCwww+heortUFxEJYcRzosstTEBYQ==}
    engines: {node: '>=6.0'}
    peerDependencies:
      supports-color: '*'
    peerDependenciesMeta:
      supports-color:
        optional: true

  debug@4.4.3:
    resolution: {integrity: sha512-RGwwWnwQvkVfavKVt22FGLw+xYSdzARwm0ru6DhTVA3umU5hZc28V3kO4stgYryrTlLpuvgI9GiijltAjNbcqA==}
    engines: {node: '>=6.0'}
    peerDependencies:
      supports-color: '*'
    peerDependenciesMeta:
      supports-color:
        optional: true

  denque@2.1.0:
    resolution: {integrity: sha512-HVQE3AAb/pxF8fQAoiqpvg9i3evqug3hoiwakOyZAwJm+6vZehbkYXZ0l4JxS+I3QxM97v5aaRNhj8v5oBhekw==}
    engines: {node: '>=0.10'}

  ioredis@5.9.0:
    resolution: {integrity: sha512-T3VieIilNumOJCXI9SDgo4NnF6sZkd6XcmPi6qWtw4xqbt8nNz/ZVNiIH1L9puMTSHZh1mUWA4xKa2nWPF4NwQ==}
    engines: {node: '>=12.22.0'}

  js-tokens@4.0.0:
    resolution: {integrity: sha512-RdJUflcE3cUzKiMqQgsCu06FPu9UdIJO0beYbPhHN4k6apgJtifcoCtT9bcxOpYBtpD2kCM6Sbzg4CausW/PKQ==}

  jsesc@3.1.0:
    resolution: {integrity: sha512-/sM3dO2FOzXjKQhJuo0Q173wf2KOo8t4I8vHy6lF9poUp7bKT0/NHE8fPX23PwfhnykfqnC2xRxOnVw5XuGIaA==}
    engines: {node: '>=6'}
    hasBin: true

  ky@1.14.2:
    resolution: {integrity: sha512-q3RBbsO5A5zrPhB6CaCS8ZUv+NWCXv6JJT4Em0i264G9W0fdPB8YRfnnEi7Dm7X7omAkBIPojzYJ2D1oHTHqug==}
    engines: {node: '>=18'}

  lodash.defaults@4.2.0:
    resolution: {integrity: sha512-qjxPLHd3r5DnsdGacqOMU6pb/avJzdh9tFX2ymgoZE27BmjXrNy/y4LoaiTeAb+O3gL8AfpJGtqfX/ae2leYYQ==}

  lodash.isarguments@3.1.0:
    resolution: {integrity: sha512-chi4NHZlZqZD18a0imDHnZPrDeBbTtVN7GXMwuGdRH9qotxAjYs3aVLKc7zNOG9eddR5Ksd8rvFEBc9SsggPpg==}

  ms@2.1.3:
    resolution: {integrity: sha512-6FlzubTLZG3J2a/NVCAleEhjzq5oxgHyaCU9yYXvcLsvoVaHJq/s5xXI6/XXP6tz7R9xAOtHnSO/tXtF3WRTlA==}

  picocolors@1.1.1:
    resolution: {integrity: sha512-xceH2snhtb5M9liqDsmEw56le376mTZkEX/jEb/RxNFyegNul7eNslCXP9FDj/Lcu0X8KEyMceP2ntpaHrDEVA==}

  prettier@3.7.4:
    resolution: {integrity: sha512-v6UNi1+3hSlVvv8fSaoUbggEM5VErKmmpGA7Pl3HF8V6uKY7rvClBOJlH6yNwQtfTueNkGVpOv/mtWL9L4bgRA==}
    engines: {node: '>=14'}
    hasBin: true

  redis-errors@1.2.0:
    resolution: {integrity: sha512-1qny3OExCf0UvUV/5wpYKf2YwPcOqXzkwKKSmKHiE6ZMQs5heeE/c8eXK+PNllPvmjgAbfnsbpkGZWy8cBpn9w==}
    engines: {node: '>=4'}

  redis-parser@3.0.0:
    resolution: {integrity: sha512-DJnGAeenTdpMEH6uAJRK/uiyEIH9WVsUmoLwzudwGJUwZPp80PDBWPHXSAGNPwNvIXAbe7MSUB1zQFugFml66A==}
    engines: {node: '>=4'}

  semver@7.7.2:
    resolution: {integrity: sha512-RF0Fw+rO5AMf9MAyaRXI4AV0Ulj5lMHqVxxdSgiVbixSCXoEmmX/jk0CuJw4+3SqroYO9VoUh+HcuJivvtJemA==}
    engines: {node: '>=10'}
    hasBin: true

  standard-as-callback@2.1.0:
    resolution: {integrity: sha512-qoRRSyROncaz1z0mvYqIE4lCd9p2R90i6GxW3uZv5ucSu8tU7B5HXUP1gG8pVZsYNVaXjk8ClXHPttLyxAL48A==}

  undici-types@7.16.0:
    resolution: {integrity: sha512-Zz+aZWSj8LE6zoxD+xrjh4VfkIG8Ya6LvYkZqtUQGJPZjYl53ypCaUwWqo7eI0x66KBGeRo+mlBEkMSeSZ38Nw==}

snapshots:

  '@babel/code-frame@7.27.1':
    dependencies:
      '@babel/helper-validator-identifier': 7.27.1
      js-tokens: 4.0.0
      picocolors: 1.1.1

  '@babel/generator@7.28.3':
    dependencies:
      '@babel/parser': 7.28.3
      '@babel/types': 7.28.2
      '@jridgewell/gen-mapping': 0.3.13
      '@jridgewell/trace-mapping': 0.3.30
      jsesc: 3.1.0

  '@babel/helper-globals@7.28.0': {}

  '@babel/helper-string-parser@7.27.1': {}

  '@babel/helper-validator-identifier@7.27.1': {}

  '@babel/parser@7.28.3':
    dependencies:
      '@babel/types': 7.28.2

  '@babel/template@7.27.2':
    dependencies:
      '@babel/code-frame': 7.27.1
      '@babel/parser': 7.28.3
      '@babel/types': 7.28.2

  '@babel/traverse@7.28.3':
    dependencies:
      '@babel/code-frame': 7.27.1
      '@babel/generator': 7.28.3
      '@babel/helper-globals': 7.28.0
      '@babel/parser': 7.28.3
      '@babel/template': 7.27.2
      '@babel/types': 7.28.2
      debug: 4.4.1
    transitivePeerDependencies:
      - supports-color

  '@babel/types@7.28.2':
    dependencies:
      '@babel/helper-string-parser': 7.27.1
      '@babel/helper-validator-identifier': 7.27.1

  '@ianvs/prettier-plugin-sort-imports@4.7.0(prettier@3.7.4)':
    dependencies:
      '@babel/generator': 7.28.3
      '@babel/parser': 7.28.3
      '@babel/traverse': 7.28.3
      '@babel/types': 7.28.2
      prettier: 3.7.4
      semver: 7.7.2
    transitivePeerDependencies:
      - supports-color

  '@ioredis/commands@1.5.0': {}

  '@jridgewell/gen-mapping@0.3.13':
    dependencies:
      '@jridgewell/sourcemap-codec': 1.5.5
      '@jridgewell/trace-mapping': 0.3.30

  '@jridgewell/resolve-uri@3.1.2': {}

  '@jridgewell/sourcemap-codec@1.5.5': {}

  '@jridgewell/trace-mapping@0.3.30':
    dependencies:
      '@jridgewell/resolve-uri': 3.1.2
      '@jridgewell/sourcemap-codec': 1.5.5

  '@types/node@25.0.3':
    dependencies:
      undici-types: 7.16.0

  chalk@5.6.2: {}

  cluster-key-slot@1.1.2: {}

  debug@4.4.1:
    dependencies:
      ms: 2.1.3

  debug@4.4.3:
    dependencies:
      ms: 2.1.3

  denque@2.1.0: {}

  ioredis@5.9.0:
    dependencies:
      '@ioredis/commands': 1.5.0
      cluster-key-slot: 1.1.2
      debug: 4.4.3
      denque: 2.1.0
      lodash.defaults: 4.2.0
      lodash.isarguments: 3.1.0
      redis-errors: 1.2.0
      redis-parser: 3.0.0
      standard-as-callback: 2.1.0
    transitivePeerDependencies:
      - supports-color

  js-tokens@4.0.0: {}

  jsesc@3.1.0: {}

  ky@1.14.2: {}

  lodash.defaults@4.2.0: {}

  lodash.isarguments@3.1.0: {}

  ms@2.1.3: {}

  picocolors@1.1.1: {}

  prettier@3.7.4: {}

  redis-errors@1.2.0: {}

  redis-parser@3.0.0:
    dependencies:
      redis-errors: 1.2.0

  semver@7.7.2: {}

  standard-as-callback@2.1.0: {}

  undici-types@7.16.0: {}
